
Microsoft Visual Studio Solution File, Format Version 12.00
# Visual Studio Version 17
VisualStudioVersion = 17.0.31521.260
MinimumVisualStudioVersion = 10.0.40219.1
Project("{2150E333-8FDC-42A3-9474-1A3956D46DE8}") = "Services", "Services", "{A0EB24E3-D503-4390-8C58-4F792EC29FC7}"
EndProject
Project("{2150E333-8FDC-42A3-9474-1A3956D46DE8}") = "Catalog", "Catalog", "{2962769A-19E5-4615-8C27-C6A43A517482}"
EndProject
Project("{FAE04EC0-301F-11D3-BF4B-00C04F79EFBC}") = "Catalog.API", "Services\Catalog\Catalog.API\Catalog.API.csproj", "{25BFE86D-DB73-4536-A9C3-60CF752037D8}"
EndProject
Global
	GlobalSection(SolutionConfigurationPlatforms) = preSolution
		Debug|Any CPU = Debug|Any CPU
		Release|Any CPU = Release|Any CPU
	EndGlobalSection
	GlobalSection(ProjectConfigurationPlatforms) = postSolution
		{25BFE86D-DB73-4536-A9C3-60CF752037D8}.Debug|Any CPU.ActiveCfg = Debug|Any CPU
		{25BFE86D-DB73-4536-A9C3-60CF752037D8}.Debug|Any CPU.Build.0 = Debug|Any CPU
		{25BFE86D-DB73-4536-A9C3-60CF752037D8}.Release|Any CPU.ActiveCfg = Release|Any CPU
		{25BFE86D-DB73-4536-A9C3-60CF752037D8}.Release|Any CPU.Build.0 = Release|Any CPU
	EndGlobalSection
	GlobalSection(SolutionProperties) = preSolution
		HideSolutionNode = FALSE
	EndGlobalSection
	GlobalSection(NestedProjects) = preSolution
		{2962769A-19E5-4615-8C27-C6A43A517482} = {A0EB24E3-D503-4390-8C58-4F792EC29FC7}
		{25BFE86D-DB73-4536-A9C3-60CF752037D8} = {2962769A-19E5-4615-8C27-C6A43A517482}
	EndGlobalSection
	GlobalSection(ExtensibilityGlobals) = postSolution
		SolutionGuid = {7D5958CC-4A42-4BEB-8EFB-598D492CEF66}
	EndGlobalSection
EndGlobal
