
Microsoft Visual Studio Solution File, Format Version 12.00
# Visual Studio Version 17
VisualStudioVersion = 17.0.31521.260
MinimumVisualStudioVersion = 10.0.40219.1
Project("{2150E333-8FDC-42A3-9474-1A3956D46DE8}") = "Catalog.Service", "Catalog.Service", "{55E4B913-F889-4131-90CE-D54C2F087013}"
EndProject
Project("{9A19103F-16F7-4668-BE54-9A1E7A4F7556}") = "Catalog.Api", "src\Catalog.Service\Catalog.Api\Catalog.Api.csproj", "{2E8AA619-98C6-4690-851B-EBBB62BCB9F8}"
EndProject
Project("{9A19103F-16F7-4668-BE54-9A1E7A4F7556}") = "Catalog.Domain", "src\Catalog.Service\Catalog.Domain\Catalog.Domain.csproj", "{BB1F384E-1EFB-4FCB-8B36-9D1D8FCB152C}"
EndProject
Project("{9A19103F-16F7-4668-BE54-9A1E7A4F7556}") = "Catalog.Infra.Data", "src\Catalog.Service\Catalog.Infra.Data\Catalog.Infra.Data.csproj", "{1865E0CA-E903-4B67-82F5-6A0BB76F3996}"
EndProject
Project("{9A19103F-16F7-4668-BE54-9A1E7A4F7556}") = "Catalog.Infra.CrossCutting", "src\Catalog.Service\Catalog.Infra.CrossCutting\Catalog.Infra.CrossCutting.csproj", "{40422DD1-65A2-4A77-8586-658207A0CA07}"
EndProject
Project("{9A19103F-16F7-4668-BE54-9A1E7A4F7556}") = "Catalog.Application", "src\Catalog.Service\Catalog.Application\Catalog.Application.csproj", "{30817852-A18D-43F9-A48D-64B98BBE0400}"
EndProject
Project("{E53339B2-1760-4266-BCC7-CA923CBCF16C}") = "docker-compose", "docker-compose.dcproj", "{F36B0B3B-AED7-4098-A472-2B9B782DBB53}"
EndProject
Project("{2150E333-8FDC-42A3-9474-1A3956D46DE8}") = "Basket.Service", "Basket.Service", "{5A8C6103-6518-4DE8-BB61-05B36AD32F0C}"
EndProject
Project("{9A19103F-16F7-4668-BE54-9A1E7A4F7556}") = "Basket.Api", "src\Basket.Service\Basket.Api\Basket.Api.csproj", "{D239354D-F0B6-417F-87FB-0C469C5DE2B6}"
EndProject
Project("{9A19103F-16F7-4668-BE54-9A1E7A4F7556}") = "Basket.Application", "src\Basket.Service\Basket.Application\Basket.Application.csproj", "{5A6C1897-0EF5-4617-A482-D5EF10B523DA}"
EndProject
Project("{9A19103F-16F7-4668-BE54-9A1E7A4F7556}") = "Basket.Domain", "src\Basket.Service\Basket.Domain\Basket.Domain.csproj", "{63A52D87-E3F2-49CC-993D-D59ABEA69927}"
EndProject
Project("{9A19103F-16F7-4668-BE54-9A1E7A4F7556}") = "Basket.Infra.CrossCutting", "src\Basket.Service\Basket.Infra.CrossCutting\Basket.Infra.CrossCutting.csproj", "{0763D3BA-E4F4-49AC-8077-FFB25EBADFE2}"
EndProject
Project("{9A19103F-16F7-4668-BE54-9A1E7A4F7556}") = "Basket.Infra.Data", "src\Basket.Service\Basket.Infra.Data\Basket.Infra.Data.csproj", "{B2866575-39E4-4E71-AA71-AC2D0C7F93DE}"
EndProject
Project("{2150E333-8FDC-42A3-9474-1A3956D46DE8}") = "Ordering.Service", "Ordering.Service", "{223EF5FC-D0AF-44A2-B2AB-8AA5A5246EC1}"
EndProject
Project("{FAE04EC0-301F-11D3-BF4B-00C04F79EFBC}") = "Ordering.Api", "src\Ordering.Service\Ordering.Api\Ordering.Api.csproj", "{30465332-ED18-4747-A55F-25E61E56071B}"
EndProject
Project("{FAE04EC0-301F-11D3-BF4B-00C04F79EFBC}") = "Ordering.Domain", "src\Ordering.Service\Ordering.Domain\Ordering.Domain.csproj", "{2D662872-B0F2-414A-A0EC-B7569CBB8967}"
EndProject
Project("{FAE04EC0-301F-11D3-BF4B-00C04F79EFBC}") = "Ordering.Infrastructure", "src\Ordering.Service\Ordering.Infrastructure\Ordering.Infrastructure.csproj", "{3D3F5642-4B7D-44C4-A01C-29561E6C8C33}"
EndProject
Project("{FAE04EC0-301F-11D3-BF4B-00C04F79EFBC}") = "Ordering.Application", "src\Ordering.Service\Ordering.Application\Ordering.Application.csproj", "{47242B7B-66DA-40DC-A7F7-A7EAB6EEEAE8}"
EndProject
Global
	GlobalSection(SolutionConfigurationPlatforms) = preSolution
		Debug|Any CPU = Debug|Any CPU
		Release|Any CPU = Release|Any CPU
	EndGlobalSection
	GlobalSection(ProjectConfigurationPlatforms) = postSolution
		{2E8AA619-98C6-4690-851B-EBBB62BCB9F8}.Debug|Any CPU.ActiveCfg = Debug|Any CPU
		{2E8AA619-98C6-4690-851B-EBBB62BCB9F8}.Debug|Any CPU.Build.0 = Debug|Any CPU
		{2E8AA619-98C6-4690-851B-EBBB62BCB9F8}.Release|Any CPU.ActiveCfg = Release|Any CPU
		{2E8AA619-98C6-4690-851B-EBBB62BCB9F8}.Release|Any CPU.Build.0 = Release|Any CPU
		{BB1F384E-1EFB-4FCB-8B36-9D1D8FCB152C}.Debug|Any CPU.ActiveCfg = Debug|Any CPU
		{BB1F384E-1EFB-4FCB-8B36-9D1D8FCB152C}.Debug|Any CPU.Build.0 = Debug|Any CPU
		{BB1F384E-1EFB-4FCB-8B36-9D1D8FCB152C}.Release|Any CPU.ActiveCfg = Release|Any CPU
		{BB1F384E-1EFB-4FCB-8B36-9D1D8FCB152C}.Release|Any CPU.Build.0 = Release|Any CPU
		{1865E0CA-E903-4B67-82F5-6A0BB76F3996}.Debug|Any CPU.ActiveCfg = Debug|Any CPU
		{1865E0CA-E903-4B67-82F5-6A0BB76F3996}.Debug|Any CPU.Build.0 = Debug|Any CPU
		{1865E0CA-E903-4B67-82F5-6A0BB76F3996}.Release|Any CPU.ActiveCfg = Release|Any CPU
		{1865E0CA-E903-4B67-82F5-6A0BB76F3996}.Release|Any CPU.Build.0 = Release|Any CPU
		{40422DD1-65A2-4A77-8586-658207A0CA07}.Debug|Any CPU.ActiveCfg = Debug|Any CPU
		{40422DD1-65A2-4A77-8586-658207A0CA07}.Debug|Any CPU.Build.0 = Debug|Any CPU
		{40422DD1-65A2-4A77-8586-658207A0CA07}.Release|Any CPU.ActiveCfg = Release|Any CPU
		{40422DD1-65A2-4A77-8586-658207A0CA07}.Release|Any CPU.Build.0 = Release|Any CPU
		{30817852-A18D-43F9-A48D-64B98BBE0400}.Debug|Any CPU.ActiveCfg = Debug|Any CPU
		{30817852-A18D-43F9-A48D-64B98BBE0400}.Debug|Any CPU.Build.0 = Debug|Any CPU
		{30817852-A18D-43F9-A48D-64B98BBE0400}.Release|Any CPU.ActiveCfg = Release|Any CPU
		{30817852-A18D-43F9-A48D-64B98BBE0400}.Release|Any CPU.Build.0 = Release|Any CPU
		{F36B0B3B-AED7-4098-A472-2B9B782DBB53}.Debug|Any CPU.ActiveCfg = Debug|Any CPU
		{F36B0B3B-AED7-4098-A472-2B9B782DBB53}.Debug|Any CPU.Build.0 = Debug|Any CPU
		{F36B0B3B-AED7-4098-A472-2B9B782DBB53}.Release|Any CPU.ActiveCfg = Release|Any CPU
		{F36B0B3B-AED7-4098-A472-2B9B782DBB53}.Release|Any CPU.Build.0 = Release|Any CPU
		{D239354D-F0B6-417F-87FB-0C469C5DE2B6}.Debug|Any CPU.ActiveCfg = Debug|Any CPU
		{D239354D-F0B6-417F-87FB-0C469C5DE2B6}.Debug|Any CPU.Build.0 = Debug|Any CPU
		{D239354D-F0B6-417F-87FB-0C469C5DE2B6}.Release|Any CPU.ActiveCfg = Release|Any CPU
		{D239354D-F0B6-417F-87FB-0C469C5DE2B6}.Release|Any CPU.Build.0 = Release|Any CPU
		{5A6C1897-0EF5-4617-A482-D5EF10B523DA}.Debug|Any CPU.ActiveCfg = Debug|Any CPU
		{5A6C1897-0EF5-4617-A482-D5EF10B523DA}.Debug|Any CPU.Build.0 = Debug|Any CPU
		{5A6C1897-0EF5-4617-A482-D5EF10B523DA}.Release|Any CPU.ActiveCfg = Release|Any CPU
		{5A6C1897-0EF5-4617-A482-D5EF10B523DA}.Release|Any CPU.Build.0 = Release|Any CPU
		{63A52D87-E3F2-49CC-993D-D59ABEA69927}.Debug|Any CPU.ActiveCfg = Debug|Any CPU
		{63A52D87-E3F2-49CC-993D-D59ABEA69927}.Debug|Any CPU.Build.0 = Debug|Any CPU
		{63A52D87-E3F2-49CC-993D-D59ABEA69927}.Release|Any CPU.ActiveCfg = Release|Any CPU
		{63A52D87-E3F2-49CC-993D-D59ABEA69927}.Release|Any CPU.Build.0 = Release|Any CPU
		{0763D3BA-E4F4-49AC-8077-FFB25EBADFE2}.Debug|Any CPU.ActiveCfg = Debug|Any CPU
		{0763D3BA-E4F4-49AC-8077-FFB25EBADFE2}.Debug|Any CPU.Build.0 = Debug|Any CPU
		{0763D3BA-E4F4-49AC-8077-FFB25EBADFE2}.Release|Any CPU.ActiveCfg = Release|Any CPU
		{0763D3BA-E4F4-49AC-8077-FFB25EBADFE2}.Release|Any CPU.Build.0 = Release|Any CPU
		{B2866575-39E4-4E71-AA71-AC2D0C7F93DE}.Debug|Any CPU.ActiveCfg = Debug|Any CPU
		{B2866575-39E4-4E71-AA71-AC2D0C7F93DE}.Debug|Any CPU.Build.0 = Debug|Any CPU
		{B2866575-39E4-4E71-AA71-AC2D0C7F93DE}.Release|Any CPU.ActiveCfg = Release|Any CPU
		{B2866575-39E4-4E71-AA71-AC2D0C7F93DE}.Release|Any CPU.Build.0 = Release|Any CPU
		{30465332-ED18-4747-A55F-25E61E56071B}.Debug|Any CPU.ActiveCfg = Debug|Any CPU
		{30465332-ED18-4747-A55F-25E61E56071B}.Debug|Any CPU.Build.0 = Debug|Any CPU
		{30465332-ED18-4747-A55F-25E61E56071B}.Release|Any CPU.ActiveCfg = Release|Any CPU
		{30465332-ED18-4747-A55F-25E61E56071B}.Release|Any CPU.Build.0 = Release|Any CPU
		{2D662872-B0F2-414A-A0EC-B7569CBB8967}.Debug|Any CPU.ActiveCfg = Debug|Any CPU
		{2D662872-B0F2-414A-A0EC-B7569CBB8967}.Debug|Any CPU.Build.0 = Debug|Any CPU
		{2D662872-B0F2-414A-A0EC-B7569CBB8967}.Release|Any CPU.ActiveCfg = Release|Any CPU
		{2D662872-B0F2-414A-A0EC-B7569CBB8967}.Release|Any CPU.Build.0 = Release|Any CPU
		{3D3F5642-4B7D-44C4-A01C-29561E6C8C33}.Debug|Any CPU.ActiveCfg = Debug|Any CPU
		{3D3F5642-4B7D-44C4-A01C-29561E6C8C33}.Debug|Any CPU.Build.0 = Debug|Any CPU
		{3D3F5642-4B7D-44C4-A01C-29561E6C8C33}.Release|Any CPU.ActiveCfg = Release|Any CPU
		{3D3F5642-4B7D-44C4-A01C-29561E6C8C33}.Release|Any CPU.Build.0 = Release|Any CPU
		{47242B7B-66DA-40DC-A7F7-A7EAB6EEEAE8}.Debug|Any CPU.ActiveCfg = Debug|Any CPU
		{47242B7B-66DA-40DC-A7F7-A7EAB6EEEAE8}.Debug|Any CPU.Build.0 = Debug|Any CPU
		{47242B7B-66DA-40DC-A7F7-A7EAB6EEEAE8}.Release|Any CPU.ActiveCfg = Release|Any CPU
		{47242B7B-66DA-40DC-A7F7-A7EAB6EEEAE8}.Release|Any CPU.Build.0 = Release|Any CPU
	EndGlobalSection
	GlobalSection(SolutionProperties) = preSolution
		HideSolutionNode = FALSE
	EndGlobalSection
	GlobalSection(NestedProjects) = preSolution
		{2E8AA619-98C6-4690-851B-EBBB62BCB9F8} = {55E4B913-F889-4131-90CE-D54C2F087013}
		{BB1F384E-1EFB-4FCB-8B36-9D1D8FCB152C} = {55E4B913-F889-4131-90CE-D54C2F087013}
		{1865E0CA-E903-4B67-82F5-6A0BB76F3996} = {55E4B913-F889-4131-90CE-D54C2F087013}
		{40422DD1-65A2-4A77-8586-658207A0CA07} = {55E4B913-F889-4131-90CE-D54C2F087013}
		{30817852-A18D-43F9-A48D-64B98BBE0400} = {55E4B913-F889-4131-90CE-D54C2F087013}
		{D239354D-F0B6-417F-87FB-0C469C5DE2B6} = {5A8C6103-6518-4DE8-BB61-05B36AD32F0C}
		{5A6C1897-0EF5-4617-A482-D5EF10B523DA} = {5A8C6103-6518-4DE8-BB61-05B36AD32F0C}
		{63A52D87-E3F2-49CC-993D-D59ABEA69927} = {5A8C6103-6518-4DE8-BB61-05B36AD32F0C}
		{0763D3BA-E4F4-49AC-8077-FFB25EBADFE2} = {5A8C6103-6518-4DE8-BB61-05B36AD32F0C}
		{B2866575-39E4-4E71-AA71-AC2D0C7F93DE} = {5A8C6103-6518-4DE8-BB61-05B36AD32F0C}
		{30465332-ED18-4747-A55F-25E61E56071B} = {223EF5FC-D0AF-44A2-B2AB-8AA5A5246EC1}
		{2D662872-B0F2-414A-A0EC-B7569CBB8967} = {223EF5FC-D0AF-44A2-B2AB-8AA5A5246EC1}
		{3D3F5642-4B7D-44C4-A01C-29561E6C8C33} = {223EF5FC-D0AF-44A2-B2AB-8AA5A5246EC1}
		{47242B7B-66DA-40DC-A7F7-A7EAB6EEEAE8} = {223EF5FC-D0AF-44A2-B2AB-8AA5A5246EC1}
	EndGlobalSection
	GlobalSection(ExtensibilityGlobals) = postSolution
		SolutionGuid = {7D5958CC-4A42-4BEB-8EFB-598D492CEF66}
	EndGlobalSection
EndGlobal
